
Microsoft Visual Studio Solution File, Format Version 12.00
# Visual Studio 14
VisualStudioVersion = 14.0.25420.1
MinimumVisualStudioVersion = 10.0.40219.1
Project("{FAE04EC0-301F-11D3-BF4B-00C04F79EFBC}") = "unit_testing_tut.Droid", "unit_testing_tut\unit_testing_tut.Droid\unit_testing_tut.Droid.csproj", "{B595FE50-C9F4-4EA8-B0FA-052F0EF6DB92}"
EndProject
Project("{FAE04EC0-301F-11D3-BF4B-00C04F79EFBC}") = "unit_testing_tut.iOS", "unit_testing_tut\unit_testing_tut.iOS\unit_testing_tut.iOS.csproj", "{6162DB63-FA7F-4221-9ADF-CC1578154B94}"
EndProject
Project("{FAE04EC0-301F-11D3-BF4B-00C04F79EFBC}") = "unit_testing_tut.WinPhone", "unit_testing_tut\unit_testing_tut.WinPhone\unit_testing_tut.WinPhone.csproj", "{D0F455B8-9611-4769-89BA-7DFCB9311366}"
EndProject
Project("{FAE04EC0-301F-11D3-BF4B-00C04F79EFBC}") = "unit_testing_tut.Windows", "unit_testing_tut\unit_testing_tut.Windows\unit_testing_tut.Windows.csproj", "{1E6E8484-B35B-44AE-84D3-E6DEEF84E4E5}"
EndProject
Project("{FAE04EC0-301F-11D3-BF4B-00C04F79EFBC}") = "unit_testing_tut", "unit_testing_tut\unit_testing_tut\unit_testing_tut.csproj", "{DB68AF64-C8F7-4E0F-9A26-9819C522156A}"
EndProject
Global
	GlobalSection(SolutionConfigurationPlatforms) = preSolution
		Ad-Hoc|Any CPU = Ad-Hoc|Any CPU
		Ad-Hoc|ARM = Ad-Hoc|ARM
		Ad-Hoc|iPhone = Ad-Hoc|iPhone
		Ad-Hoc|iPhoneSimulator = Ad-Hoc|iPhoneSimulator
		Ad-Hoc|x64 = Ad-Hoc|x64
		Ad-Hoc|x86 = Ad-Hoc|x86
		AppStore|Any CPU = AppStore|Any CPU
		AppStore|ARM = AppStore|ARM
		AppStore|iPhone = AppStore|iPhone
		AppStore|iPhoneSimulator = AppStore|iPhoneSimulator
		AppStore|x64 = AppStore|x64
		AppStore|x86 = AppStore|x86
		Debug|Any CPU = Debug|Any CPU
		Debug|ARM = Debug|ARM
		Debug|iPhone = Debug|iPhone
		Debug|iPhoneSimulator = Debug|iPhoneSimulator
		Debug|x64 = Debug|x64
		Debug|x86 = Debug|x86
		Release|Any CPU = Release|Any CPU
		Release|ARM = Release|ARM
		Release|iPhone = Release|iPhone
		Release|iPhoneSimulator = Release|iPhoneSimulator
		Release|x64 = Release|x64
		Release|x86 = Release|x86
	EndGlobalSection
	GlobalSection(ProjectConfigurationPlatforms) = postSolution
		{B595FE50-C9F4-4EA8-B0FA-052F0EF6DB92}.Ad-Hoc|Any CPU.ActiveCfg = Release|Any CPU
		{B595FE50-C9F4-4EA8-B0FA-052F0EF6DB92}.Ad-Hoc|Any CPU.Build.0 = Release|Any CPU
		{B595FE50-C9F4-4EA8-B0FA-052F0EF6DB92}.Ad-Hoc|Any CPU.Deploy.0 = Release|Any CPU
		{B595FE50-C9F4-4EA8-B0FA-052F0EF6DB92}.Ad-Hoc|ARM.ActiveCfg = Release|Any CPU
		{B595FE50-C9F4-4EA8-B0FA-052F0EF6DB92}.Ad-Hoc|ARM.Build.0 = Release|Any CPU
		{B595FE50-C9F4-4EA8-B0FA-052F0EF6DB92}.Ad-Hoc|ARM.Deploy.0 = Release|Any CPU
		{B595FE50-C9F4-4EA8-B0FA-052F0EF6DB92}.Ad-Hoc|iPhone.ActiveCfg = Release|Any CPU
		{B595FE50-C9F4-4EA8-B0FA-052F0EF6DB92}.Ad-Hoc|iPhone.Build.0 = Release|Any CPU
		{B595FE50-C9F4-4EA8-B0FA-052F0EF6DB92}.Ad-Hoc|iPhone.Deploy.0 = Release|Any CPU
		{B595FE50-C9F4-4EA8-B0FA-052F0EF6DB92}.Ad-Hoc|iPhoneSimulator.ActiveCfg = Release|Any CPU
		{B595FE50-C9F4-4EA8-B0FA-052F0EF6DB92}.Ad-Hoc|iPhoneSimulator.Build.0 = Release|Any CPU
		{B595FE50-C9F4-4EA8-B0FA-052F0EF6DB92}.Ad-Hoc|iPhoneSimulator.Deploy.0 = Release|Any CPU
		{B595FE50-C9F4-4EA8-B0FA-052F0EF6DB92}.Ad-Hoc|x64.ActiveCfg = Release|Any CPU
		{B595FE50-C9F4-4EA8-B0FA-052F0EF6DB92}.Ad-Hoc|x64.Build.0 = Release|Any CPU
		{B595FE50-C9F4-4EA8-B0FA-052F0EF6DB92}.Ad-Hoc|x64.Deploy.0 = Release|Any CPU
		{B595FE50-C9F4-4EA8-B0FA-052F0EF6DB92}.Ad-Hoc|x86.ActiveCfg = Release|Any CPU
		{B595FE50-C9F4-4EA8-B0FA-052F0EF6DB92}.Ad-Hoc|x86.Build.0 = Release|Any CPU
		{B595FE50-C9F4-4EA8-B0FA-052F0EF6DB92}.Ad-Hoc|x86.Deploy.0 = Release|Any CPU
		{B595FE50-C9F4-4EA8-B0FA-052F0EF6DB92}.AppStore|Any CPU.ActiveCfg = Release|Any CPU
		{B595FE50-C9F4-4EA8-B0FA-052F0EF6DB92}.AppStore|Any CPU.Build.0 = Release|Any CPU
		{B595FE50-C9F4-4EA8-B0FA-052F0EF6DB92}.AppStore|Any CPU.Deploy.0 = Release|Any CPU
		{B595FE50-C9F4-4EA8-B0FA-052F0EF6DB92}.AppStore|ARM.ActiveCfg = Release|Any CPU
		{B595FE50-C9F4-4EA8-B0FA-052F0EF6DB92}.AppStore|ARM.Build.0 = Release|Any CPU
		{B595FE50-C9F4-4EA8-B0FA-052F0EF6DB92}.AppStore|ARM.Deploy.0 = Release|Any CPU
		{B595FE50-C9F4-4EA8-B0FA-052F0EF6DB92}.AppStore|iPhone.ActiveCfg = Release|Any CPU
		{B595FE50-C9F4-4EA8-B0FA-052F0EF6DB92}.AppStore|iPhone.Build.0 = Release|Any CPU
		{B595FE50-C9F4-4EA8-B0FA-052F0EF6DB92}.AppStore|iPhone.Deploy.0 = Release|Any CPU
		{B595FE50-C9F4-4EA8-B0FA-052F0EF6DB92}.AppStore|iPhoneSimulator.ActiveCfg = Release|Any CPU
		{B595FE50-C9F4-4EA8-B0FA-052F0EF6DB92}.AppStore|iPhoneSimulator.Build.0 = Release|Any CPU
		{B595FE50-C9F4-4EA8-B0FA-052F0EF6DB92}.AppStore|iPhoneSimulator.Deploy.0 = Release|Any CPU
		{B595FE50-C9F4-4EA8-B0FA-052F0EF6DB92}.AppStore|x64.ActiveCfg = Release|Any CPU
		{B595FE50-C9F4-4EA8-B0FA-052F0EF6DB92}.AppStore|x64.Build.0 = Release|Any CPU
		{B595FE50-C9F4-4EA8-B0FA-052F0EF6DB92}.AppStore|x64.Deploy.0 = Release|Any CPU
		{B595FE50-C9F4-4EA8-B0FA-052F0EF6DB92}.AppStore|x86.ActiveCfg = Release|Any CPU
		{B595FE50-C9F4-4EA8-B0FA-052F0EF6DB92}.AppStore|x86.Build.0 = Release|Any CPU
		{B595FE50-C9F4-4EA8-B0FA-052F0EF6DB92}.AppStore|x86.Deploy.0 = Release|Any CPU
		{B595FE50-C9F4-4EA8-B0FA-052F0EF6DB92}.Debug|Any CPU.ActiveCfg = Debug|Any CPU
		{B595FE50-C9F4-4EA8-B0FA-052F0EF6DB92}.Debug|Any CPU.Build.0 = Debug|Any CPU
		{B595FE50-C9F4-4EA8-B0FA-052F0EF6DB92}.Debug|Any CPU.Deploy.0 = Debug|Any CPU
		{B595FE50-C9F4-4EA8-B0FA-052F0EF6DB92}.Debug|ARM.ActiveCfg = Debug|Any CPU
		{B595FE50-C9F4-4EA8-B0FA-052F0EF6DB92}.Debug|ARM.Build.0 = Debug|Any CPU
		{B595FE50-C9F4-4EA8-B0FA-052F0EF6DB92}.Debug|ARM.Deploy.0 = Debug|Any CPU
		{B595FE50-C9F4-4EA8-B0FA-052F0EF6DB92}.Debug|iPhone.ActiveCfg = Debug|Any CPU
		{B595FE50-C9F4-4EA8-B0FA-052F0EF6DB92}.Debug|iPhone.Build.0 = Debug|Any CPU
		{B595FE50-C9F4-4EA8-B0FA-052F0EF6DB92}.Debug|iPhone.Deploy.0 = Debug|Any CPU
		{B595FE50-C9F4-4EA8-B0FA-052F0EF6DB92}.Debug|iPhoneSimulator.ActiveCfg = Debug|Any CPU
		{B595FE50-C9F4-4EA8-B0FA-052F0EF6DB92}.Debug|iPhoneSimulator.Build.0 = Debug|Any CPU
		{B595FE50-C9F4-4EA8-B0FA-052F0EF6DB92}.Debug|iPhoneSimulator.Deploy.0 = Debug|Any CPU
		{B595FE50-C9F4-4EA8-B0FA-052F0EF6DB92}.Debug|x64.ActiveCfg = Debug|Any CPU
		{B595FE50-C9F4-4EA8-B0FA-052F0EF6DB92}.Debug|x64.Build.0 = Debug|Any CPU
		{B595FE50-C9F4-4EA8-B0FA-052F0EF6DB92}.Debug|x64.Deploy.0 = Debug|Any CPU
		{B595FE50-C9F4-4EA8-B0FA-052F0EF6DB92}.Debug|x86.ActiveCfg = Debug|Any CPU
		{B595FE50-C9F4-4EA8-B0FA-052F0EF6DB92}.Debug|x86.Build.0 = Debug|Any CPU
		{B595FE50-C9F4-4EA8-B0FA-052F0EF6DB92}.Debug|x86.Deploy.0 = Debug|Any CPU
		{B595FE50-C9F4-4EA8-B0FA-052F0EF6DB92}.Release|Any CPU.ActiveCfg = Release|Any CPU
		{B595FE50-C9F4-4EA8-B0FA-052F0EF6DB92}.Release|Any CPU.Build.0 = Release|Any CPU
		{B595FE50-C9F4-4EA8-B0FA-052F0EF6DB92}.Release|Any CPU.Deploy.0 = Release|Any CPU
		{B595FE50-C9F4-4EA8-B0FA-052F0EF6DB92}.Release|ARM.ActiveCfg = Release|Any CPU
		{B595FE50-C9F4-4EA8-B0FA-052F0EF6DB92}.Release|ARM.Build.0 = Release|Any CPU
		{B595FE50-C9F4-4EA8-B0FA-052F0EF6DB92}.Release|ARM.Deploy.0 = Release|Any CPU
		{B595FE50-C9F4-4EA8-B0FA-052F0EF6DB92}.Release|iPhone.ActiveCfg = Release|Any CPU
		{B595FE50-C9F4-4EA8-B0FA-052F0EF6DB92}.Release|iPhone.Build.0 = Release|Any CPU
		{B595FE50-C9F4-4EA8-B0FA-052F0EF6DB92}.Release|iPhone.Deploy.0 = Release|Any CPU
		{B595FE50-C9F4-4EA8-B0FA-052F0EF6DB92}.Release|iPhoneSimulator.ActiveCfg = Release|Any CPU
		{B595FE50-C9F4-4EA8-B0FA-052F0EF6DB92}.Release|iPhoneSimulator.Build.0 = Release|Any CPU
		{B595FE50-C9F4-4EA8-B0FA-052F0EF6DB92}.Release|iPhoneSimulator.Deploy.0 = Release|Any CPU
		{B595FE50-C9F4-4EA8-B0FA-052F0EF6DB92}.Release|x64.ActiveCfg = Release|Any CPU
		{B595FE50-C9F4-4EA8-B0FA-052F0EF6DB92}.Release|x64.Build.0 = Release|Any CPU
		{B595FE50-C9F4-4EA8-B0FA-052F0EF6DB92}.Release|x64.Deploy.0 = Release|Any CPU
		{B595FE50-C9F4-4EA8-B0FA-052F0EF6DB92}.Release|x86.ActiveCfg = Release|Any CPU
		{B595FE50-C9F4-4EA8-B0FA-052F0EF6DB92}.Release|x86.Build.0 = Release|Any CPU
		{B595FE50-C9F4-4EA8-B0FA-052F0EF6DB92}.Release|x86.Deploy.0 = Release|Any CPU
		{6162DB63-FA7F-4221-9ADF-CC1578154B94}.Ad-Hoc|Any CPU.ActiveCfg = Ad-Hoc|iPhone
		{6162DB63-FA7F-4221-9ADF-CC1578154B94}.Ad-Hoc|ARM.ActiveCfg = Ad-Hoc|iPhone
		{6162DB63-FA7F-4221-9ADF-CC1578154B94}.Ad-Hoc|iPhone.ActiveCfg = Ad-Hoc|iPhone
		{6162DB63-FA7F-4221-9ADF-CC1578154B94}.Ad-Hoc|iPhone.Build.0 = Ad-Hoc|iPhone
		{6162DB63-FA7F-4221-9ADF-CC1578154B94}.Ad-Hoc|iPhoneSimulator.ActiveCfg = Ad-Hoc|iPhoneSimulator
		{6162DB63-FA7F-4221-9ADF-CC1578154B94}.Ad-Hoc|iPhoneSimulator.Build.0 = Ad-Hoc|iPhoneSimulator
		{6162DB63-FA7F-4221-9ADF-CC1578154B94}.Ad-Hoc|x64.ActiveCfg = Ad-Hoc|iPhone
		{6162DB63-FA7F-4221-9ADF-CC1578154B94}.Ad-Hoc|x86.ActiveCfg = Ad-Hoc|iPhone
		{6162DB63-FA7F-4221-9ADF-CC1578154B94}.AppStore|Any CPU.ActiveCfg = AppStore|iPhone
		{6162DB63-FA7F-4221-9ADF-CC1578154B94}.AppStore|ARM.ActiveCfg = AppStore|iPhone
		{6162DB63-FA7F-4221-9ADF-CC1578154B94}.AppStore|iPhone.ActiveCfg = AppStore|iPhone
		{6162DB63-FA7F-4221-9ADF-CC1578154B94}.AppStore|iPhone.Build.0 = AppStore|iPhone
		{6162DB63-FA7F-4221-9ADF-CC1578154B94}.AppStore|iPhoneSimulator.ActiveCfg = AppStore|iPhoneSimulator
		{6162DB63-FA7F-4221-9ADF-CC1578154B94}.AppStore|iPhoneSimulator.Build.0 = AppStore|iPhoneSimulator
		{6162DB63-FA7F-4221-9ADF-CC1578154B94}.AppStore|x64.ActiveCfg = AppStore|iPhone
		{6162DB63-FA7F-4221-9ADF-CC1578154B94}.AppStore|x86.ActiveCfg = AppStore|iPhone
		{6162DB63-FA7F-4221-9ADF-CC1578154B94}.Debug|Any CPU.ActiveCfg = Debug|iPhone
		{6162DB63-FA7F-4221-9ADF-CC1578154B94}.Debug|ARM.ActiveCfg = Debug|iPhone
		{6162DB63-FA7F-4221-9ADF-CC1578154B94}.Debug|iPhone.ActiveCfg = Debug|iPhone
		{6162DB63-FA7F-4221-9ADF-CC1578154B94}.Debug|iPhone.Build.0 = Debug|iPhone
		{6162DB63-FA7F-4221-9ADF-CC1578154B94}.Debug|iPhoneSimulator.ActiveCfg = Debug|iPhoneSimulator
		{6162DB63-FA7F-4221-9ADF-CC1578154B94}.Debug|iPhoneSimulator.Build.0 = Debug|iPhoneSimulator
		{6162DB63-FA7F-4221-9ADF-CC1578154B94}.Debug|x64.ActiveCfg = Debug|iPhone
		{6162DB63-FA7F-4221-9ADF-CC1578154B94}.Debug|x86.ActiveCfg = Debug|iPhone
		{6162DB63-FA7F-4221-9ADF-CC1578154B94}.Release|Any CPU.ActiveCfg = Release|iPhone
		{6162DB63-FA7F-4221-9ADF-CC1578154B94}.Release|ARM.ActiveCfg = Release|iPhone
		{6162DB63-FA7F-4221-9ADF-CC1578154B94}.Release|iPhone.ActiveCfg = Release|iPhone
		{6162DB63-FA7F-4221-9ADF-CC1578154B94}.Release|iPhone.Build.0 = Release|iPhone
		{6162DB63-FA7F-4221-9ADF-CC1578154B94}.Release|iPhoneSimulator.ActiveCfg = Release|iPhoneSimulator
		{6162DB63-FA7F-4221-9ADF-CC1578154B94}.Release|iPhoneSimulator.Build.0 = Release|iPhoneSimulator
		{6162DB63-FA7F-4221-9ADF-CC1578154B94}.Release|x64.ActiveCfg = Release|iPhone
		{6162DB63-FA7F-4221-9ADF-CC1578154B94}.Release|x86.ActiveCfg = Release|iPhone
		{D0F455B8-9611-4769-89BA-7DFCB9311366}.Ad-Hoc|Any CPU.ActiveCfg = Release|Any CPU
		{D0F455B8-9611-4769-89BA-7DFCB9311366}.Ad-Hoc|Any CPU.Build.0 = Release|Any CPU
		{D0F455B8-9611-4769-89BA-7DFCB9311366}.Ad-Hoc|Any CPU.Deploy.0 = Release|Any CPU
		{D0F455B8-9611-4769-89BA-7DFCB9311366}.Ad-Hoc|ARM.ActiveCfg = Release|ARM
		{D0F455B8-9611-4769-89BA-7DFCB9311366}.Ad-Hoc|ARM.Build.0 = Release|ARM
		{D0F455B8-9611-4769-89BA-7DFCB9311366}.Ad-Hoc|ARM.Deploy.0 = Release|ARM
		{D0F455B8-9611-4769-89BA-7DFCB9311366}.Ad-Hoc|iPhone.ActiveCfg = Release|Any CPU
		{D0F455B8-9611-4769-89BA-7DFCB9311366}.Ad-Hoc|iPhone.Build.0 = Release|Any CPU
		{D0F455B8-9611-4769-89BA-7DFCB9311366}.Ad-Hoc|iPhone.Deploy.0 = Release|Any CPU
		{D0F455B8-9611-4769-89BA-7DFCB9311366}.Ad-Hoc|iPhoneSimulator.ActiveCfg = Release|Any CPU
		{D0F455B8-9611-4769-89BA-7DFCB9311366}.Ad-Hoc|iPhoneSimulator.Build.0 = Release|Any CPU
		{D0F455B8-9611-4769-89BA-7DFCB9311366}.Ad-Hoc|iPhoneSimulator.Deploy.0 = Release|Any CPU
		{D0F455B8-9611-4769-89BA-7DFCB9311366}.Ad-Hoc|x64.ActiveCfg = Release|Any CPU
		{D0F455B8-9611-4769-89BA-7DFCB9311366}.Ad-Hoc|x64.Build.0 = Release|Any CPU
		{D0F455B8-9611-4769-89BA-7DFCB9311366}.Ad-Hoc|x64.Deploy.0 = Release|Any CPU
		{D0F455B8-9611-4769-89BA-7DFCB9311366}.Ad-Hoc|x86.ActiveCfg = Release|x86
		{D0F455B8-9611-4769-89BA-7DFCB9311366}.Ad-Hoc|x86.Build.0 = Release|x86
		{D0F455B8-9611-4769-89BA-7DFCB9311366}.Ad-Hoc|x86.Deploy.0 = Release|x86
		{D0F455B8-9611-4769-89BA-7DFCB9311366}.AppStore|Any CPU.ActiveCfg = Release|Any CPU
		{D0F455B8-9611-4769-89BA-7DFCB9311366}.AppStore|Any CPU.Build.0 = Release|Any CPU
		{D0F455B8-9611-4769-89BA-7DFCB9311366}.AppStore|Any CPU.Deploy.0 = Release|Any CPU
		{D0F455B8-9611-4769-89BA-7DFCB9311366}.AppStore|ARM.ActiveCfg = Release|ARM
		{D0F455B8-9611-4769-89BA-7DFCB9311366}.AppStore|ARM.Build.0 = Release|ARM
		{D0F455B8-9611-4769-89BA-7DFCB9311366}.AppStore|ARM.Deploy.0 = Release|ARM
		{D0F455B8-9611-4769-89BA-7DFCB9311366}.AppStore|iPhone.ActiveCfg = Release|Any CPU
		{D0F455B8-9611-4769-89BA-7DFCB9311366}.AppStore|iPhone.Build.0 = Release|Any CPU
		{D0F455B8-9611-4769-89BA-7DFCB9311366}.AppStore|iPhone.Deploy.0 = Release|Any CPU
		{D0F455B8-9611-4769-89BA-7DFCB9311366}.AppStore|iPhoneSimulator.ActiveCfg = Release|Any CPU
		{D0F455B8-9611-4769-89BA-7DFCB9311366}.AppStore|iPhoneSimulator.Build.0 = Release|Any CPU
		{D0F455B8-9611-4769-89BA-7DFCB9311366}.AppStore|iPhoneSimulator.Deploy.0 = Release|Any CPU
		{D0F455B8-9611-4769-89BA-7DFCB9311366}.AppStore|x64.ActiveCfg = Release|Any CPU
		{D0F455B8-9611-4769-89BA-7DFCB9311366}.AppStore|x64.Build.0 = Release|Any CPU
		{D0F455B8-9611-4769-89BA-7DFCB9311366}.AppStore|x64.Deploy.0 = Release|Any CPU
		{D0F455B8-9611-4769-89BA-7DFCB9311366}.AppStore|x86.ActiveCfg = Release|x86
		{D0F455B8-9611-4769-89BA-7DFCB9311366}.AppStore|x86.Build.0 = Release|x86
		{D0F455B8-9611-4769-89BA-7DFCB9311366}.AppStore|x86.Deploy.0 = Release|x86
		{D0F455B8-9611-4769-89BA-7DFCB9311366}.Debug|Any CPU.ActiveCfg = Debug|Any CPU
		{D0F455B8-9611-4769-89BA-7DFCB9311366}.Debug|Any CPU.Build.0 = Debug|Any CPU
		{D0F455B8-9611-4769-89BA-7DFCB9311366}.Debug|Any CPU.Deploy.0 = Debug|Any CPU
		{D0F455B8-9611-4769-89BA-7DFCB9311366}.Debug|ARM.ActiveCfg = Debug|ARM
		{D0F455B8-9611-4769-89BA-7DFCB9311366}.Debug|ARM.Build.0 = Debug|ARM
		{D0F455B8-9611-4769-89BA-7DFCB9311366}.Debug|ARM.Deploy.0 = Debug|ARM
		{D0F455B8-9611-4769-89BA-7DFCB9311366}.Debug|iPhone.ActiveCfg = Debug|Any CPU
		{D0F455B8-9611-4769-89BA-7DFCB9311366}.Debug|iPhone.Build.0 = Debug|Any CPU
		{D0F455B8-9611-4769-89BA-7DFCB9311366}.Debug|iPhone.Deploy.0 = Debug|Any CPU
		{D0F455B8-9611-4769-89BA-7DFCB9311366}.Debug|iPhoneSimulator.ActiveCfg = Debug|Any CPU
		{D0F455B8-9611-4769-89BA-7DFCB9311366}.Debug|iPhoneSimulator.Build.0 = Debug|Any CPU
		{D0F455B8-9611-4769-89BA-7DFCB9311366}.Debug|iPhoneSimulator.Deploy.0 = Debug|Any CPU
		{D0F455B8-9611-4769-89BA-7DFCB9311366}.Debug|x64.ActiveCfg = Debug|Any CPU
		{D0F455B8-9611-4769-89BA-7DFCB9311366}.Debug|x64.Build.0 = Debug|Any CPU
		{D0F455B8-9611-4769-89BA-7DFCB9311366}.Debug|x64.Deploy.0 = Debug|Any CPU
		{D0F455B8-9611-4769-89BA-7DFCB9311366}.Debug|x86.ActiveCfg = Debug|x86
		{D0F455B8-9611-4769-89BA-7DFCB9311366}.Debug|x86.Build.0 = Debug|x86
		{D0F455B8-9611-4769-89BA-7DFCB9311366}.Debug|x86.Deploy.0 = Debug|x86
		{D0F455B8-9611-4769-89BA-7DFCB9311366}.Release|Any CPU.ActiveCfg = Release|Any CPU
		{D0F455B8-9611-4769-89BA-7DFCB9311366}.Release|Any CPU.Build.0 = Release|Any CPU
		{D0F455B8-9611-4769-89BA-7DFCB9311366}.Release|Any CPU.Deploy.0 = Release|Any CPU
		{D0F455B8-9611-4769-89BA-7DFCB9311366}.Release|ARM.ActiveCfg = Release|ARM
		{D0F455B8-9611-4769-89BA-7DFCB9311366}.Release|ARM.Build.0 = Release|ARM
		{D0F455B8-9611-4769-89BA-7DFCB9311366}.Release|ARM.Deploy.0 = Release|ARM
		{D0F455B8-9611-4769-89BA-7DFCB9311366}.Release|iPhone.ActiveCfg = Release|Any CPU
		{D0F455B8-9611-4769-89BA-7DFCB9311366}.Release|iPhone.Build.0 = Release|Any CPU
		{D0F455B8-9611-4769-89BA-7DFCB9311366}.Release|iPhone.Deploy.0 = Release|Any CPU
		{D0F455B8-9611-4769-89BA-7DFCB9311366}.Release|iPhoneSimulator.ActiveCfg = Release|Any CPU
		{D0F455B8-9611-4769-89BA-7DFCB9311366}.Release|iPhoneSimulator.Build.0 = Release|Any CPU
		{D0F455B8-9611-4769-89BA-7DFCB9311366}.Release|iPhoneSimulator.Deploy.0 = Release|Any CPU
		{D0F455B8-9611-4769-89BA-7DFCB9311366}.Release|x64.ActiveCfg = Release|Any CPU
		{D0F455B8-9611-4769-89BA-7DFCB9311366}.Release|x64.Build.0 = Release|Any CPU
		{D0F455B8-9611-4769-89BA-7DFCB9311366}.Release|x64.Deploy.0 = Release|Any CPU
		{D0F455B8-9611-4769-89BA-7DFCB9311366}.Release|x86.ActiveCfg = Release|x86
		{D0F455B8-9611-4769-89BA-7DFCB9311366}.Release|x86.Build.0 = Release|x86
		{D0F455B8-9611-4769-89BA-7DFCB9311366}.Release|x86.Deploy.0 = Release|x86
		{1E6E8484-B35B-44AE-84D3-E6DEEF84E4E5}.Ad-Hoc|Any CPU.ActiveCfg = Release|Any CPU
		{1E6E8484-B35B-44AE-84D3-E6DEEF84E4E5}.Ad-Hoc|Any CPU.Build.0 = Release|Any CPU
		{1E6E8484-B35B-44AE-84D3-E6DEEF84E4E5}.Ad-Hoc|Any CPU.Deploy.0 = Release|Any CPU
		{1E6E8484-B35B-44AE-84D3-E6DEEF84E4E5}.Ad-Hoc|ARM.ActiveCfg = Release|ARM
		{1E6E8484-B35B-44AE-84D3-E6DEEF84E4E5}.Ad-Hoc|ARM.Build.0 = Release|ARM
		{1E6E8484-B35B-44AE-84D3-E6DEEF84E4E5}.Ad-Hoc|ARM.Deploy.0 = Release|ARM
		{1E6E8484-B35B-44AE-84D3-E6DEEF84E4E5}.Ad-Hoc|iPhone.ActiveCfg = Release|Any CPU
		{1E6E8484-B35B-44AE-84D3-E6DEEF84E4E5}.Ad-Hoc|iPhone.Build.0 = Release|Any CPU
		{1E6E8484-B35B-44AE-84D3-E6DEEF84E4E5}.Ad-Hoc|iPhone.Deploy.0 = Release|Any CPU
		{1E6E8484-B35B-44AE-84D3-E6DEEF84E4E5}.Ad-Hoc|iPhoneSimulator.ActiveCfg = Release|Any CPU
		{1E6E8484-B35B-44AE-84D3-E6DEEF84E4E5}.Ad-Hoc|iPhoneSimulator.Build.0 = Release|Any CPU
		{1E6E8484-B35B-44AE-84D3-E6DEEF84E4E5}.Ad-Hoc|iPhoneSimulator.Deploy.0 = Release|Any CPU
		{1E6E8484-B35B-44AE-84D3-E6DEEF84E4E5}.Ad-Hoc|x64.ActiveCfg = Release|x64
		{1E6E8484-B35B-44AE-84D3-E6DEEF84E4E5}.Ad-Hoc|x64.Build.0 = Release|x64
		{1E6E8484-B35B-44AE-84D3-E6DEEF84E4E5}.Ad-Hoc|x64.Deploy.0 = Release|x64
		{1E6E8484-B35B-44AE-84D3-E6DEEF84E4E5}.Ad-Hoc|x86.ActiveCfg = Release|x86
		{1E6E8484-B35B-44AE-84D3-E6DEEF84E4E5}.Ad-Hoc|x86.Build.0 = Release|x86
		{1E6E8484-B35B-44AE-84D3-E6DEEF84E4E5}.Ad-Hoc|x86.Deploy.0 = Release|x86
		{1E6E8484-B35B-44AE-84D3-E6DEEF84E4E5}.AppStore|Any CPU.ActiveCfg = Release|Any CPU
		{1E6E8484-B35B-44AE-84D3-E6DEEF84E4E5}.AppStore|Any CPU.Build.0 = Release|Any CPU
		{1E6E8484-B35B-44AE-84D3-E6DEEF84E4E5}.AppStore|Any CPU.Deploy.0 = Release|Any CPU
		{1E6E8484-B35B-44AE-84D3-E6DEEF84E4E5}.AppStore|ARM.ActiveCfg = Release|ARM
		{1E6E8484-B35B-44AE-84D3-E6DEEF84E4E5}.AppStore|ARM.Build.0 = Release|ARM
		{1E6E8484-B35B-44AE-84D3-E6DEEF84E4E5}.AppStore|ARM.Deploy.0 = Release|ARM
		{1E6E8484-B35B-44AE-84D3-E6DEEF84E4E5}.AppStore|iPhone.ActiveCfg = Release|Any CPU
		{1E6E8484-B35B-44AE-84D3-E6DEEF84E4E5}.AppStore|iPhone.Build.0 = Release|Any CPU
		{1E6E8484-B35B-44AE-84D3-E6DEEF84E4E5}.AppStore|iPhone.Deploy.0 = Release|Any CPU
		{1E6E8484-B35B-44AE-84D3-E6DEEF84E4E5}.AppStore|iPhoneSimulator.ActiveCfg = Release|Any CPU
		{1E6E8484-B35B-44AE-84D3-E6DEEF84E4E5}.AppStore|iPhoneSimulator.Build.0 = Release|Any CPU
		{1E6E8484-B35B-44AE-84D3-E6DEEF84E4E5}.AppStore|iPhoneSimulator.Deploy.0 = Release|Any CPU
		{1E6E8484-B35B-44AE-84D3-E6DEEF84E4E5}.AppStore|x64.ActiveCfg = Release|x64
		{1E6E8484-B35B-44AE-84D3-E6DEEF84E4E5}.AppStore|x64.Build.0 = Release|x64
		{1E6E8484-B35B-44AE-84D3-E6DEEF84E4E5}.AppStore|x64.Deploy.0 = Release|x64
		{1E6E8484-B35B-44AE-84D3-E6DEEF84E4E5}.AppStore|x86.ActiveCfg = Release|x86
		{1E6E8484-B35B-44AE-84D3-E6DEEF84E4E5}.AppStore|x86.Build.0 = Release|x86
		{1E6E8484-B35B-44AE-84D3-E6DEEF84E4E5}.AppStore|x86.Deploy.0 = Release|x86
		{1E6E8484-B35B-44AE-84D3-E6DEEF84E4E5}.Debug|Any CPU.ActiveCfg = Debug|Any CPU
		{1E6E8484-B35B-44AE-84D3-E6DEEF84E4E5}.Debug|Any CPU.Build.0 = Debug|Any CPU
		{1E6E8484-B35B-44AE-84D3-E6DEEF84E4E5}.Debug|Any CPU.Deploy.0 = Debug|Any CPU
		{1E6E8484-B35B-44AE-84D3-E6DEEF84E4E5}.Debug|ARM.ActiveCfg = Debug|ARM
		{1E6E8484-B35B-44AE-84D3-E6DEEF84E4E5}.Debug|ARM.Build.0 = Debug|ARM
		{1E6E8484-B35B-44AE-84D3-E6DEEF84E4E5}.Debug|ARM.Deploy.0 = Debug|ARM
		{1E6E8484-B35B-44AE-84D3-E6DEEF84E4E5}.Debug|iPhone.ActiveCfg = Debug|Any CPU
		{1E6E8484-B35B-44AE-84D3-E6DEEF84E4E5}.Debug|iPhone.Build.0 = Debug|Any CPU
		{1E6E8484-B35B-44AE-84D3-E6DEEF84E4E5}.Debug|iPhone.Deploy.0 = Debug|Any CPU
		{1E6E8484-B35B-44AE-84D3-E6DEEF84E4E5}.Debug|iPhoneSimulator.ActiveCfg = Debug|Any CPU
		{1E6E8484-B35B-44AE-84D3-E6DEEF84E4E5}.Debug|iPhoneSimulator.Build.0 = Debug|Any CPU
		{1E6E8484-B35B-44AE-84D3-E6DEEF84E4E5}.Debug|iPhoneSimulator.Deploy.0 = Debug|Any CPU
		{1E6E8484-B35B-44AE-84D3-E6DEEF84E4E5}.Debug|x64.ActiveCfg = Debug|x64
		{1E6E8484-B35B-44AE-84D3-E6DEEF84E4E5}.Debug|x64.Build.0 = Debug|x64
		{1E6E8484-B35B-44AE-84D3-E6DEEF84E4E5}.Debug|x64.Deploy.0 = Debug|x64
		{1E6E8484-B35B-44AE-84D3-E6DEEF84E4E5}.Debug|x86.ActiveCfg = Debug|x86
		{1E6E8484-B35B-44AE-84D3-E6DEEF84E4E5}.Debug|x86.Build.0 = Debug|x86
		{1E6E8484-B35B-44AE-84D3-E6DEEF84E4E5}.Debug|x86.Deploy.0 = Debug|x86
		{1E6E8484-B35B-44AE-84D3-E6DEEF84E4E5}.Release|Any CPU.ActiveCfg = Release|Any CPU
		{1E6E8484-B35B-44AE-84D3-E6DEEF84E4E5}.Release|Any CPU.Build.0 = Release|Any CPU
		{1E6E8484-B35B-44AE-84D3-E6DEEF84E4E5}.Release|Any CPU.Deploy.0 = Release|Any CPU
		{1E6E8484-B35B-44AE-84D3-E6DEEF84E4E5}.Release|ARM.ActiveCfg = Release|ARM
		{1E6E8484-B35B-44AE-84D3-E6DEEF84E4E5}.Release|ARM.Build.0 = Release|ARM
		{1E6E8484-B35B-44AE-84D3-E6DEEF84E4E5}.Release|ARM.Deploy.0 = Release|ARM
		{1E6E8484-B35B-44AE-84D3-E6DEEF84E4E5}.Release|iPhone.ActiveCfg = Release|Any CPU
		{1E6E8484-B35B-44AE-84D3-E6DEEF84E4E5}.Release|iPhone.Build.0 = Release|Any CPU
		{1E6E8484-B35B-44AE-84D3-E6DEEF84E4E5}.Release|iPhone.Deploy.0 = Release|Any CPU
		{1E6E8484-B35B-44AE-84D3-E6DEEF84E4E5}.Release|iPhoneSimulator.ActiveCfg = Release|Any CPU
		{1E6E8484-B35B-44AE-84D3-E6DEEF84E4E5}.Release|iPhoneSimulator.Build.0 = Release|Any CPU
		{1E6E8484-B35B-44AE-84D3-E6DEEF84E4E5}.Release|iPhoneSimulator.Deploy.0 = Release|Any CPU
		{1E6E8484-B35B-44AE-84D3-E6DEEF84E4E5}.Release|x64.ActiveCfg = Release|x64
		{1E6E8484-B35B-44AE-84D3-E6DEEF84E4E5}.Release|x64.Build.0 = Release|x64
		{1E6E8484-B35B-44AE-84D3-E6DEEF84E4E5}.Release|x64.Deploy.0 = Release|x64
		{1E6E8484-B35B-44AE-84D3-E6DEEF84E4E5}.Release|x86.ActiveCfg = Release|x86
		{1E6E8484-B35B-44AE-84D3-E6DEEF84E4E5}.Release|x86.Build.0 = Release|x86
		{1E6E8484-B35B-44AE-84D3-E6DEEF84E4E5}.Release|x86.Deploy.0 = Release|x86
		{DB68AF64-C8F7-4E0F-9A26-9819C522156A}.Ad-Hoc|Any CPU.ActiveCfg = Release|Any CPU
		{DB68AF64-C8F7-4E0F-9A26-9819C522156A}.Ad-Hoc|Any CPU.Build.0 = Release|Any CPU
		{DB68AF64-C8F7-4E0F-9A26-9819C522156A}.Ad-Hoc|ARM.ActiveCfg = Release|Any CPU
		{DB68AF64-C8F7-4E0F-9A26-9819C522156A}.Ad-Hoc|ARM.Build.0 = Release|Any CPU
		{DB68AF64-C8F7-4E0F-9A26-9819C522156A}.Ad-Hoc|iPhone.ActiveCfg = Release|Any CPU
		{DB68AF64-C8F7-4E0F-9A26-9819C522156A}.Ad-Hoc|iPhone.Build.0 = Release|Any CPU
		{DB68AF64-C8F7-4E0F-9A26-9819C522156A}.Ad-Hoc|iPhoneSimulator.ActiveCfg = Release|Any CPU
		{DB68AF64-C8F7-4E0F-9A26-9819C522156A}.Ad-Hoc|iPhoneSimulator.Build.0 = Release|Any CPU
		{DB68AF64-C8F7-4E0F-9A26-9819C522156A}.Ad-Hoc|x64.ActiveCfg = Release|Any CPU
		{DB68AF64-C8F7-4E0F-9A26-9819C522156A}.Ad-Hoc|x64.Build.0 = Release|Any CPU
		{DB68AF64-C8F7-4E0F-9A26-9819C522156A}.Ad-Hoc|x86.ActiveCfg = Release|Any CPU
		{DB68AF64-C8F7-4E0F-9A26-9819C522156A}.Ad-Hoc|x86.Build.0 = Release|Any CPU
		{DB68AF64-C8F7-4E0F-9A26-9819C522156A}.AppStore|Any CPU.ActiveCfg = Release|Any CPU
		{DB68AF64-C8F7-4E0F-9A26-9819C522156A}.AppStore|Any CPU.Build.0 = Release|Any CPU
		{DB68AF64-C8F7-4E0F-9A26-9819C522156A}.AppStore|ARM.ActiveCfg = Release|Any CPU
		{DB68AF64-C8F7-4E0F-9A26-9819C522156A}.AppStore|ARM.Build.0 = Release|Any CPU
		{DB68AF64-C8F7-4E0F-9A26-9819C522156A}.AppStore|iPhone.ActiveCfg = Release|Any CPU
		{DB68AF64-C8F7-4E0F-9A26-9819C522156A}.AppStore|iPhone.Build.0 = Release|Any CPU
		{DB68AF64-C8F7-4E0F-9A26-9819C522156A}.AppStore|iPhoneSimulator.ActiveCfg = Release|Any CPU
		{DB68AF64-C8F7-4E0F-9A26-9819C522156A}.AppStore|iPhoneSimulator.Build.0 = Release|Any CPU
		{DB68AF64-C8F7-4E0F-9A26-9819C522156A}.AppStore|x64.ActiveCfg = Release|Any CPU
		{DB68AF64-C8F7-4E0F-9A26-9819C522156A}.AppStore|x64.Build.0 = Release|Any CPU
		{DB68AF64-C8F7-4E0F-9A26-9819C522156A}.AppStore|x86.ActiveCfg = Release|Any CPU
		{DB68AF64-C8F7-4E0F-9A26-9819C522156A}.AppStore|x86.Build.0 = Release|Any CPU
		{DB68AF64-C8F7-4E0F-9A26-9819C522156A}.Debug|Any CPU.ActiveCfg = Debug|Any CPU
		{DB68AF64-C8F7-4E0F-9A26-9819C522156A}.Debug|Any CPU.Build.0 = Debug|Any CPU
		{DB68AF64-C8F7-4E0F-9A26-9819C522156A}.Debug|ARM.ActiveCfg = Debug|Any CPU
		{DB68AF64-C8F7-4E0F-9A26-9819C522156A}.Debug|ARM.Build.0 = Debug|Any CPU
		{DB68AF64-C8F7-4E0F-9A26-9819C522156A}.Debug|iPhone.ActiveCfg = Debug|Any CPU
		{DB68AF64-C8F7-4E0F-9A26-9819C522156A}.Debug|iPhone.Build.0 = Debug|Any CPU
		{DB68AF64-C8F7-4E0F-9A26-9819C522156A}.Debug|iPhoneSimulator.ActiveCfg = Debug|Any CPU
		{DB68AF64-C8F7-4E0F-9A26-9819C522156A}.Debug|iPhoneSimulator.Build.0 = Debug|Any CPU
		{DB68AF64-C8F7-4E0F-9A26-9819C522156A}.Debug|x64.ActiveCfg = Debug|Any CPU
		{DB68AF64-C8F7-4E0F-9A26-9819C522156A}.Debug|x64.Build.0 = Debug|Any CPU
		{DB68AF64-C8F7-4E0F-9A26-9819C522156A}.Debug|x86.ActiveCfg = Debug|Any CPU
		{DB68AF64-C8F7-4E0F-9A26-9819C522156A}.Debug|x86.Build.0 = Debug|Any CPU
		{DB68AF64-C8F7-4E0F-9A26-9819C522156A}.Release|Any CPU.ActiveCfg = Release|Any CPU
		{DB68AF64-C8F7-4E0F-9A26-9819C522156A}.Release|Any CPU.Build.0 = Release|Any CPU
		{DB68AF64-C8F7-4E0F-9A26-9819C522156A}.Release|ARM.ActiveCfg = Release|Any CPU
		{DB68AF64-C8F7-4E0F-9A26-9819C522156A}.Release|ARM.Build.0 = Release|Any CPU
		{DB68AF64-C8F7-4E0F-9A26-9819C522156A}.Release|iPhone.ActiveCfg = Release|Any CPU
		{DB68AF64-C8F7-4E0F-9A26-9819C522156A}.Release|iPhone.Build.0 = Release|Any CPU
		{DB68AF64-C8F7-4E0F-9A26-9819C522156A}.Release|iPhoneSimulator.ActiveCfg = Release|Any CPU
		{DB68AF64-C8F7-4E0F-9A26-9819C522156A}.Release|iPhoneSimulator.Build.0 = Release|Any CPU
		{DB68AF64-C8F7-4E0F-9A26-9819C522156A}.Release|x64.ActiveCfg = Release|Any CPU
		{DB68AF64-C8F7-4E0F-9A26-9819C522156A}.Release|x64.Build.0 = Release|Any CPU
		{DB68AF64-C8F7-4E0F-9A26-9819C522156A}.Release|x86.ActiveCfg = Release|Any CPU
		{DB68AF64-C8F7-4E0F-9A26-9819C522156A}.Release|x86.Build.0 = Release|Any CPU
	EndGlobalSection
	GlobalSection(SolutionProperties) = preSolution
		HideSolutionNode = FALSE
	EndGlobalSection
EndGlobal
